// !$*UTF8*$!
{
	archiveVersion = 1;
	classes = {
	};
	objectVersion = 55;
	objects = {

/* Begin PBXBuildFile section */
		39B255CBFB6D183B15ADFCA6 /* Pods_BeOnScreening.framework in Frameworks */ = {isa = PBXBuildFile; fileRef = 583B43C316269FA114B405A3 /* Pods_BeOnScreening.framework */; };
		39C2BE292857B16B00AEA46E /* BeOnScreeningApp.swift in Sources */ = {isa = PBXBuildFile; fileRef = 39C2BE282857B16B00AEA46E /* BeOnScreeningApp.swift */; };
		39C2BE2B2857B16B00AEA46E /* ContentView.swift in Sources */ = {isa = PBXBuildFile; fileRef = 39C2BE2A2857B16B00AEA46E /* ContentView.swift */; };
		39C2BE2D2857B16E00AEA46E /* Assets.xcassets in Resources */ = {isa = PBXBuildFile; fileRef = 39C2BE2C2857B16E00AEA46E /* Assets.xcassets */; };
		39C2BE302857B16E00AEA46E /* Preview Assets.xcassets in Resources */ = {isa = PBXBuildFile; fileRef = 39C2BE2F2857B16E00AEA46E /* Preview Assets.xcassets */; };
		39C2BE382857B8A000AEA46E /* NetworkManager.swift in Sources */ = {isa = PBXBuildFile; fileRef = 39C2BE372857B8A000AEA46E /* NetworkManager.swift */; };
/* End PBXBuildFile section */

/* Begin PBXFileReference section */
		39C2BE252857B16B00AEA46E /* BeOnScreening.app */ = {isa = PBXFileReference; explicitFileType = wrapper.application; includeInIndex = 0; path = BeOnScreening.app; sourceTree = BUILT_PRODUCTS_DIR; };
		39C2BE282857B16B00AEA46E /* BeOnScreeningApp.swift */ = {isa = PBXFileReference; lastKnownFileType = sourcecode.swift; path = BeOnScreeningApp.swift; sourceTree = "<group>"; };
		39C2BE2A2857B16B00AEA46E /* ContentView.swift */ = {isa = PBXFileReference; lastKnownFileType = sourcecode.swift; path = ContentView.swift; sourceTree = "<group>"; };
		39C2BE2C2857B16E00AEA46E /* Assets.xcassets */ = {isa = PBXFileReference; lastKnownFileType = folder.assetcatalog; path = Assets.xcassets; sourceTree = "<group>"; };
		39C2BE2F2857B16E00AEA46E /* Preview Assets.xcassets */ = {isa = PBXFileReference; lastKnownFileType = folder.assetcatalog; path = "Preview Assets.xcassets"; sourceTree = "<group>"; };
		39C2BE372857B8A000AEA46E /* NetworkManager.swift */ = {isa = PBXFileReference; lastKnownFileType = sourcecode.swift; path = NetworkManager.swift; sourceTree = "<group>"; };
		39C2BE3A2857BBAD00AEA46E /* Info.plist */ = {isa = PBXFileReference; lastKnownFileType = text.plist; path = Info.plist; sourceTree = "<group>"; };
		583B43C316269FA114B405A3 /* Pods_BeOnScreening.framework */ = {isa = PBXFileReference; explicitFileType = wrapper.framework; includeInIndex = 0; path = Pods_BeOnScreening.framework; sourceTree = BUILT_PRODUCTS_DIR; };
		A40F0CEBA853DDA70C65C207 /* Pods-BeOnScreening.debug.xcconfig */ = {isa = PBXFileReference; includeInIndex = 1; lastKnownFileType = text.xcconfig; name = "Pods-BeOnScreening.debug.xcconfig"; path = "Target Support Files/Pods-BeOnScreening/Pods-BeOnScreening.debug.xcconfig"; sourceTree = "<group>"; };
		D006A19CD9487903F8051ED5 /* Pods-BeOnScreening.release.xcconfig */ = {isa = PBXFileReference; includeInIndex = 1; lastKnownFileType = text.xcconfig; name = "Pods-BeOnScreening.release.xcconfig"; path = "Target Support Files/Pods-BeOnScreening/Pods-BeOnScreening.release.xcconfig"; sourceTree = "<group>"; };
/* End PBXFileReference section */

/* Begin PBXFrameworksBuildPhase section */
		39C2BE222857B16B00AEA46E /* Frameworks */ = {
			isa = PBXFrameworksBuildPhase;
			buildActionMask = 2147483647;
			files = (
				39B255CBFB6D183B15ADFCA6 /* Pods_BeOnScreening.framework in Frameworks */,
			);
			runOnlyForDeploymentPostprocessing = 0;
		};
/* End PBXFrameworksBuildPhase section */

/* Begin PBXGroup section */
		39C2BE1C2857B16B00AEA46E = {
			isa = PBXGroup;
			children = (
				39C2BE272857B16B00AEA46E /* BeOnScreening */,
				39C2BE262857B16B00AEA46E /* Products */,
				CD75D86D45910BAA0BDD2570 /* Pods */,
				9ED9056588816937AA0887F2 /* Frameworks */,
			);
			sourceTree = "<group>";
		};
		39C2BE262857B16B00AEA46E /* Products */ = {
			isa = PBXGroup;
			children = (
				39C2BE252857B16B00AEA46E /* BeOnScreening.app */,
			);
			name = Products;
			sourceTree = "<group>";
		};
		39C2BE272857B16B00AEA46E /* BeOnScreening */ = {
			isa = PBXGroup;
			children = (
				39C2BE3A2857BBAD00AEA46E /* Info.plist */,
				39C2BE362857B89300AEA46E /* Network */,
				39C2BE282857B16B00AEA46E /* BeOnScreeningApp.swift */,
				39C2BE2A2857B16B00AEA46E /* ContentView.swift */,
				39C2BE2C2857B16E00AEA46E /* Assets.xcassets */,
				39C2BE2E2857B16E00AEA46E /* Preview Content */,
			);
			path = BeOnScreening;
			sourceTree = "<group>";
		};
		39C2BE2E2857B16E00AEA46E /* Preview Content */ = {
			isa = PBXGroup;
			children = (
				39C2BE2F2857B16E00AEA46E /* Preview Assets.xcassets */,
			);
			path = "Preview Content";
			sourceTree = "<group>";
		};
		39C2BE362857B89300AEA46E /* Network */ = {
			isa = PBXGroup;
			children = (
				39C2BE372857B8A000AEA46E /* NetworkManager.swift */,
			);
			path = Network;
			sourceTree = "<group>";
		};
		9ED9056588816937AA0887F2 /* Frameworks */ = {
			isa = PBXGroup;
			children = (
				583B43C316269FA114B405A3 /* Pods_BeOnScreening.framework */,
			);
			name = Frameworks;
			sourceTree = "<group>";
		};
		CD75D86D45910BAA0BDD2570 /* Pods */ = {
			isa = PBXGroup;
			children = (
				A40F0CEBA853DDA70C65C207 /* Pods-BeOnScreening.debug.xcconfig */,
				D006A19CD9487903F8051ED5 /* Pods-BeOnScreening.release.xcconfig */,
			);
			path = Pods;
			sourceTree = "<group>";
		};
/* End PBXGroup section */

/* Begin PBXNativeTarget section */
		39C2BE242857B16B00AEA46E /* BeOnScreening */ = {
			isa = PBXNativeTarget;
			buildConfigurationList = 39C2BE332857B16E00AEA46E /* Build configuration list for PBXNativeTarget "BeOnScreening" */;
			buildPhases = (
				6200B2F8AE62FD05BEFB4B84 /* [CP] Check Pods Manifest.lock */,
				39C2BE212857B16B00AEA46E /* Sources */,
				39C2BE222857B16B00AEA46E /* Frameworks */,
				39C2BE232857B16B00AEA46E /* Resources */,
				2947BE9AF967FC9F50828F7D /* [CP] Embed Pods Frameworks */,
			);
			buildRules = (
			);
			dependencies = (
			);
			name = BeOnScreening;
			productName = BeOnScreening;
			productReference = 39C2BE252857B16B00AEA46E /* BeOnScreening.app */;
			productType = "com.apple.product-type.application";
		};
/* End PBXNativeTarget section */

/* Begin PBXProject section */
		39C2BE1D2857B16B00AEA46E /* Project object */ = {
			isa = PBXProject;
			attributes = {
				BuildIndependentTargetsInParallel = 1;
				LastSwiftUpdateCheck = 1330;
				LastUpgradeCheck = 1330;
				TargetAttributes = {
					39C2BE242857B16B00AEA46E = {
						CreatedOnToolsVersion = 13.3;
					};
				};
			};
			buildConfigurationList = 39C2BE202857B16B00AEA46E /* Build configuration list for PBXProject "BeOnScreening" */;
			compatibilityVersion = "Xcode 13.0";
			developmentRegion = en;
			hasScannedForEncodings = 0;
			knownRegions = (
				en,
				Base,
			);
			mainGroup = 39C2BE1C2857B16B00AEA46E;
			productRefGroup = 39C2BE262857B16B00AEA46E /* Products */;
			projectDirPath = "";
			projectRoot = "";
			targets = (
				39C2BE242857B16B00AEA46E /* BeOnScreening */,
			);
		};
/* End PBXProject section */

/* Begin PBXResourcesBuildPhase section */
		39C2BE232857B16B00AEA46E /* Resources */ = {
			isa = PBXResourcesBuildPhase;
			buildActionMask = 2147483647;
			files = (
				39C2BE302857B16E00AEA46E /* Preview Assets.xcassets in Resources */,
				39C2BE2D2857B16E00AEA46E /* Assets.xcassets in Resources */,
			);
			runOnlyForDeploymentPostprocessing = 0;
		};
/* End PBXResourcesBuildPhase section */

/* Begin PBXShellScriptBuildPhase section */
		2947BE9AF967FC9F50828F7D /* [CP] Embed Pods Frameworks */ = {
			isa = PBXShellScriptBuildPhase;
			buildActionMask = 2147483647;
			files = (
			);
			inputFileListPaths = (
				"${PODS_ROOT}/Target Support Files/Pods-BeOnScreening/Pods-BeOnScreening-frameworks-${CONFIGURATION}-input-files.xcfilelist",
			);
			name = "[CP] Embed Pods Frameworks";
			outputFileListPaths = (
				"${PODS_ROOT}/Target Support Files/Pods-BeOnScreening/Pods-BeOnScreening-frameworks-${CONFIGURATION}-output-files.xcfilelist",
			);
			runOnlyForDeploymentPostprocessing = 0;
			shellPath = /bin/sh;
			shellScript = "\"${PODS_ROOT}/Target Support Files/Pods-BeOnScreening/Pods-BeOnScreening-frameworks.sh\"\n";
			showEnvVarsInLog = 0;
		};
		6200B2F8AE62FD05BEFB4B84 /* [CP] Check Pods Manifest.lock */ = {
			isa = PBXShellScriptBuildPhase;
			buildActionMask = 2147483647;
			files = (
			);
			inputFileListPaths = (
			);
			inputPaths = (
				"${PODS_PODFILE_DIR_PATH}/Podfile.lock",
				"${PODS_ROOT}/Manifest.lock",
			);
			name = "[CP] Check Pods Manifest.lock";
			outputFileListPaths = (
			);
			outputPaths = (
				"$(DERIVED_FILE_DIR)/Pods-BeOnScreening-checkManifestLockResult.txt",
			);
			runOnlyForDeploymentPostprocessing = 0;
			shellPath = /bin/sh;
			shellScript = "diff \"${PODS_PODFILE_DIR_PATH}/Podfile.lock\" \"${PODS_ROOT}/Manifest.lock\" > /dev/null\nif [ $? != 0 ] ; then\n    # print error to STDERR\n    echo \"error: The sandbox is not in sync with the Podfile.lock. Run 'pod install' or update your CocoaPods installation.\" >&2\n    exit 1\nfi\n# This output is used by Xcode 'outputs' to avoid re-running this script phase.\necho \"SUCCESS\" > \"${SCRIPT_OUTPUT_FILE_0}\"\n";
			showEnvVarsInLog = 0;
		};
/* End PBXShellScriptBuildPhase section */

/* Begin PBXSourcesBuildPhase section */
		39C2BE212857B16B00AEA46E /* Sources */ = {
			isa = PBXSourcesBuildPhase;
			buildActionMask = 2147483647;
			files = (
				39C2BE2B2857B16B00AEA46E /* ContentView.swift in Sources */,
				39C2BE382857B8A000AEA46E /* NetworkManager.swift in Sources */,
				39C2BE292857B16B00AEA46E /* BeOnScreeningApp.swift in Sources */,
			);
			runOnlyForDeploymentPostprocessing = 0;
		};
/* End PBXSourcesBuildPhase section */

/* Begin XCBuildConfiguration section */
		39C2BE312857B16E00AEA46E /* Debug */ = {
			isa = XCBuildConfiguration;
			buildSettings = {
				ALWAYS_SEARCH_USER_PATHS = NO;
				CLANG_ANALYZER_NONNULL = YES;
				CLANG_ANALYZER_NUMBER_OBJECT_CONVERSION = YES_AGGRESSIVE;
				CLANG_CXX_LANGUAGE_STANDARD = "gnu++17";
				CLANG_ENABLE_MODULES = YES;
				CLANG_ENABLE_OBJC_ARC = YES;
				CLANG_ENABLE_OBJC_WEAK = YES;
				CLANG_WARN_BLOCK_CAPTURE_AUTORELEASING = YES;
				CLANG_WARN_BOOL_CONVERSION = YES;
				CLANG_WARN_COMMA = YES;
				CLANG_WARN_CONSTANT_CONVERSION = YES;
				CLANG_WARN_DEPRECATED_OBJC_IMPLEMENTATIONS = YES;
				CLANG_WARN_DIRECT_OBJC_ISA_USAGE = YES_ERROR;
				CLANG_WARN_DOCUMENTATION_COMMENTS = YES;
				CLANG_WARN_EMPTY_BODY = YES;
				CLANG_WARN_ENUM_CONVERSION = YES;
				CLANG_WARN_INFINITE_RECURSION = YES;
				CLANG_WARN_INT_CONVERSION = YES;
				CLANG_WARN_NON_LITERAL_NULL_CONVERSION = YES;
				CLANG_WARN_OBJC_IMPLICIT_RETAIN_SELF = YES;
				CLANG_WARN_OBJC_LITERAL_CONVERSION = YES;
				CLANG_WARN_OBJC_ROOT_CLASS = YES_ERROR;
				CLANG_WARN_QUOTED_INCLUDE_IN_FRAMEWORK_HEADER = YES;
				CLANG_WARN_RANGE_LOOP_ANALYSIS = YES;
				CLANG_WARN_STRICT_PROTOTYPES = YES;
				CLANG_WARN_SUSPICIOUS_MOVE = YES;
				CLANG_WARN_UNGUARDED_AVAILABILITY = YES_AGGRESSIVE;
				CLANG_WARN_UNREACHABLE_CODE = YES;
				CLANG_WARN__DUPLICATE_METHOD_MATCH = YES;
				COPY_PHASE_STRIP = NO;
				DEBUG_INFORMATION_FORMAT = dwarf;
				ENABLE_STRICT_OBJC_MSGSEND = YES;
				ENABLE_TESTABILITY = YES;
				GCC_C_LANGUAGE_STANDARD = gnu11;
				GCC_DYNAMIC_NO_PIC = NO;
				GCC_NO_COMMON_BLOCKS = YES;
				GCC_OPTIMIZATION_LEVEL = 0;
				GCC_PREPROCESSOR_DEFINITIONS = (
					"DEBUG=1",
					"$(inherited)",
				);
				GCC_WARN_64_TO_32_BIT_CONVERSION = YES;
				GCC_WARN_ABOUT_RETURN_TYPE = YES_ERROR;
				GCC_WARN_UNDECLARED_SELECTOR = YES;
				GCC_WARN_UNINITIALIZED_AUTOS = YES_AGGRESSIVE;
				GCC_WARN_UNUSED_FUNCTION = YES;
				GCC_WARN_UNUSED_VARIABLE = YES;
				IPHONEOS_DEPLOYMENT_TARGET = 15.4;
				MTL_ENABLE_DEBUG_INFO = INCLUDE_SOURCE;
				MTL_FAST_MATH = YES;
				ONLY_ACTIVE_ARCH = YES;
				SDKROOT = iphoneos;
				SWIFT_ACTIVE_COMPILATION_CONDITIONS = DEBUG;
				SWIFT_OPTIMIZATION_LEVEL = "-Onone";
			};
			name = Debug;
		};
		39C2BE322857B16E00AEA46E /* Release */ = {
			isa = XCBuildConfiguration;
			buildSettings = {
				ALWAYS_SEARCH_USER_PATHS = NO;
				CLANG_ANALYZER_NONNULL = YES;
				CLANG_ANALYZER_NUMBER_OBJECT_CONVERSION = YES_AGGRESSIVE;
				CLANG_CXX_LANGUAGE_STANDARD = "gnu++17";
				CLANG_ENABLE_MODULES = YES;
				CLANG_ENABLE_OBJC_ARC = YES;
				CLANG_ENABLE_OBJC_WEAK = YES;
				CLANG_WARN_BLOCK_CAPTURE_AUTORELEASING = YES;
				CLANG_WARN_BOOL_CONVERSION = YES;
				CLANG_WARN_COMMA = YES;
				CLANG_WARN_CONSTANT_CONVERSION = YES;
				CLANG_WARN_DEPRECATED_OBJC_IMPLEMENTATIONS = YES;
				CLANG_WARN_DIRECT_OBJC_ISA_USAGE = YES_ERROR;
				CLANG_WARN_DOCUMENTATION_COMMENTS = YES;
				CLANG_WARN_EMPTY_BODY = YES;
				CLANG_WARN_ENUM_CONVERSION = YES;
				CLANG_WARN_INFINITE_RECURSION = YES;
				CLANG_WARN_INT_CONVERSION = YES;
				CLANG_WARN_NON_LITERAL_NULL_CONVERSION = YES;
				CLANG_WARN_OBJC_IMPLICIT_RETAIN_SELF = YES;
				CLANG_WARN_OBJC_LITERAL_CONVERSION = YES;
				CLANG_WARN_OBJC_ROOT_CLASS = YES_ERROR;
				CLANG_WARN_QUOTED_INCLUDE_IN_FRAMEWORK_HEADER = YES;
				CLANG_WARN_RANGE_LOOP_ANALYSIS = YES;
				CLANG_WARN_STRICT_PROTOTYPES = YES;
				CLANG_WARN_SUSPICIOUS_MOVE = YES;
				CLANG_WARN_UNGUARDED_AVAILABILITY = YES_AGGRESSIVE;
				CLANG_WARN_UNREACHABLE_CODE = YES;
				CLANG_WARN__DUPLICATE_METHOD_MATCH = YES;
				COPY_PHASE_STRIP = NO;
				DEBUG_INFORMATION_FORMAT = "dwarf-with-dsym";
				ENABLE_NS_ASSERTIONS = NO;
				ENABLE_STRICT_OBJC_MSGSEND = YES;
				GCC_C_LANGUAGE_STANDARD = gnu11;
				GCC_NO_COMMON_BLOCKS = YES;
				GCC_WARN_64_TO_32_BIT_CONVERSION = YES;
				GCC_WARN_ABOUT_RETURN_TYPE = YES_ERROR;
				GCC_WARN_UNDECLARED_SELECTOR = YES;
				GCC_WARN_UNINITIALIZED_AUTOS = YES_AGGRESSIVE;
				GCC_WARN_UNUSED_FUNCTION = YES;
				GCC_WARN_UNUSED_VARIABLE = YES;
				IPHONEOS_DEPLOYMENT_TARGET = 15.4;
				MTL_ENABLE_DEBUG_INFO = NO;
				MTL_FAST_MATH = YES;
				SDKROOT = iphoneos;
				SWIFT_COMPILATION_MODE = wholemodule;
				SWIFT_OPTIMIZATION_LEVEL = "-O";
				VALIDATE_PRODUCT = YES;
			};
			name = Release;
		};
		39C2BE342857B16E00AEA46E /* Debug */ = {
			isa = XCBuildConfiguration;
			baseConfigurationReference = A40F0CEBA853DDA70C65C207 /* Pods-BeOnScreening.debug.xcconfig */;
			buildSettings = {
				ASSETCATALOG_COMPILER_APPICON_NAME = AppIcon;
				ASSETCATALOG_COMPILER_GLOBAL_ACCENT_COLOR_NAME = AccentColor;
				CODE_SIGN_STYLE = Automatic;
				CURRENT_PROJECT_VERSION = 1;
				DEVELOPMENT_ASSET_PATHS = "\"BeOnScreening/Preview Content\"";
				ENABLE_PREVIEWS = YES;
				GENERATE_INFOPLIST_FILE = YES;
				INFOPLIST_FILE = BeOnScreening/Info.plist;
				INFOPLIST_KEY_UIApplicationSceneManifest_Generation = YES;
				INFOPLIST_KEY_UIApplicationSupportsIndirectInputEvents = YES;
				INFOPLIST_KEY_UILaunchScreen_Generation = YES;
				INFOPLIST_KEY_UISupportedInterfaceOrientations_iPad = "UIInterfaceOrientationPortrait UIInterfaceOrientationPortraitUpsideDown UIInterfaceOrientationLandscapeLeft UIInterfaceOrientationLandscapeRight";
				INFOPLIST_KEY_UISupportedInterfaceOrientations_iPhone = "UIInterfaceOrientationPortrait UIInterfaceOrientationLandscapeLeft UIInterfaceOrientationLandscapeRight";
				LD_RUNPATH_SEARCH_PATHS = (
					"$(inherited)",
					"@executable_path/Frameworks",
				);
				MARKETING_VERSION = 1.0;
				PRODUCT_BUNDLE_IDENTIFIER = ceravolo.BeOnScreening;
				PRODUCT_NAME = "$(TARGET_NAME)";
				SWIFT_EMIT_LOC_STRINGS = YES;
				SWIFT_VERSION = 5.0;
				TARGETED_DEVICE_FAMILY = "1,2";
			};
			name = Debug;
		};
		39C2BE352857B16E00AEA46E /* Release */ = {
			isa = XCBuildConfiguration;
			baseConfigurationReference = D006A19CD9487903F8051ED5 /* Pods-BeOnScreening.release.xcconfig */;
			buildSettings = {
				ASSETCATALOG_COMPILER_APPICON_NAME = AppIcon;
				ASSETCATALOG_COMPILER_GLOBAL_ACCENT_COLOR_NAME = AccentColor;
				CODE_SIGN_STYLE = Automatic;
				CURRENT_PROJECT_VERSION = 1;
				DEVELOPMENT_ASSET_PATHS = "\"BeOnScreening/Preview Content\"";
				ENABLE_PREVIEWS = YES;
				GENERATE_INFOPLIST_FILE = YES;
				INFOPLIST_FILE = BeOnScreening/Info.plist;
				INFOPLIST_KEY_UIApplicationSceneManifest_Generation = YES;
				INFOPLIST_KEY_UIApplicationSupportsIndirectInputEvents = YES;
				INFOPLIST_KEY_UILaunchScreen_Generation = YES;
				INFOPLIST_KEY_UISupportedInterfaceOrientations_iPad = "UIInterfaceOrientationPortrait UIInterfaceOrientationPortraitUpsideDown UIInterfaceOrientationLandscapeLeft UIInterfaceOrientationLandscapeRight";
				INFOPLIST_KEY_UISupportedInterfaceOrientations_iPhone = "UIInterfaceOrientationPortrait UIInterfaceOrientationLandscapeLeft UIInterfaceOrientationLandscapeRight";
				LD_RUNPATH_SEARCH_PATHS = (
					"$(inherited)",
					"@executable_path/Frameworks",
				);
				MARKETING_VERSION = 1.0;
				PRODUCT_BUNDLE_IDENTIFIER = ceravolo.BeOnScreening;
				PRODUCT_NAME = "$(TARGET_NAME)";
				SWIFT_EMIT_LOC_STRINGS = YES;
				SWIFT_VERSION = 5.0;
				TARGETED_DEVICE_FAMILY = "1,2";
			};
			name = Release;
		};
/* End XCBuildConfiguration section */

/* Begin XCConfigurationList section */
		39C2BE202857B16B00AEA46E /* Build configuration list for PBXProject "BeOnScreening" */ = {
			isa = XCConfigurationList;
			buildConfigurations = (
				39C2BE312857B16E00AEA46E /* Debug */,
				39C2BE322857B16E00AEA46E /* Release */,
			);
			defaultConfigurationIsVisible = 0;
			defaultConfigurationName = Release;
		};
		39C2BE332857B16E00AEA46E /* Build configuration list for PBXNativeTarget "BeOnScreening" */ = {
			isa = XCConfigurationList;
			buildConfigurations = (
				39C2BE342857B16E00AEA46E /* Debug */,
				39C2BE352857B16E00AEA46E /* Release */,
			);
			defaultConfigurationIsVisible = 0;
			defaultConfigurationName = Release;
		};
/* End XCConfigurationList section */
	};
	rootObject = 39C2BE1D2857B16B00AEA46E /* Project object */;
}
